
Microsoft Visual Studio Solution File, Format Version 12.00
# Visual Studio Version 16
VisualStudioVersion = 16.0.29920.165
MinimumVisualStudioVersion = 10.0.40219.1
Project("{FAE04EC0-301F-11D3-BF4B-00C04F79EFBC}") = "ProvaAnalistaDevJúnior", "ProvaAnalistaDevJúnior\ProvaAnalistaDevJúnior.csproj", "{09079BB3-21DA-4A4A-BFBE-8D78183DD040}"
EndProject
Project("{FAE04EC0-301F-11D3-BF4B-00C04F79EFBC}") = "ProgramTests", "ProgramTests\ProgramTests.csproj", "{E67D382A-E139-44F5-8CA8-87FA7BE7C1DB}"
EndProject
Global
	GlobalSection(SolutionConfigurationPlatforms) = preSolution
		Debug|Any CPU = Debug|Any CPU
		Release|Any CPU = Release|Any CPU
	EndGlobalSection
	GlobalSection(ProjectConfigurationPlatforms) = postSolution
		{09079BB3-21DA-4A4A-BFBE-8D78183DD040}.Debug|Any CPU.ActiveCfg = Debug|Any CPU
		{09079BB3-21DA-4A4A-BFBE-8D78183DD040}.Debug|Any CPU.Build.0 = Debug|Any CPU
		{09079BB3-21DA-4A4A-BFBE-8D78183DD040}.Release|Any CPU.ActiveCfg = Release|Any CPU
		{09079BB3-21DA-4A4A-BFBE-8D78183DD040}.Release|Any CPU.Build.0 = Release|Any CPU
		{E67D382A-E139-44F5-8CA8-87FA7BE7C1DB}.Debug|Any CPU.ActiveCfg = Debug|Any CPU
		{E67D382A-E139-44F5-8CA8-87FA7BE7C1DB}.Debug|Any CPU.Build.0 = Debug|Any CPU
		{E67D382A-E139-44F5-8CA8-87FA7BE7C1DB}.Release|Any CPU.ActiveCfg = Release|Any CPU
		{E67D382A-E139-44F5-8CA8-87FA7BE7C1DB}.Release|Any CPU.Build.0 = Release|Any CPU
	EndGlobalSection
	GlobalSection(SolutionProperties) = preSolution
		HideSolutionNode = FALSE
	EndGlobalSection
	GlobalSection(ExtensibilityGlobals) = postSolution
		SolutionGuid = {5CD2CAEB-25DD-4B53-8983-3CA1D6CA19FD}
	EndGlobalSection
EndGlobal
